
Microsoft Visual Studio Solution File, Format Version 12.00
# Visual Studio Version 16
VisualStudioVersion = 16.0.30011.22
MinimumVisualStudioVersion = 10.0.40219.1
Project("{FAE04EC0-301F-11D3-BF4B-00C04F79EFBC}") = "ShoppingApp", "ShoppingApp\ShoppingApp.csproj", "{B44BBAE1-3065-42E1-9665-27A444A517A8}"
EndProject
Project("{FAE04EC0-301F-11D3-BF4B-00C04F79EFBC}") = "DBMS", "DBMS\DBMS.csproj", "{8E437E1F-AAB5-4756-BC91-5892A443BA3B}"
EndProject
Project("{FAE04EC0-301F-11D3-BF4B-00C04F79EFBC}") = "Logic", "Logic\Logic.csproj", "{597533EA-B51C-4A9F-A6CB-FE73CBAB2938}"
EndProject
Global
	GlobalSection(SolutionConfigurationPlatforms) = preSolution
		Debug|Any CPU = Debug|Any CPU
		Release|Any CPU = Release|Any CPU
	EndGlobalSection
	GlobalSection(ProjectConfigurationPlatforms) = postSolution
		{B44BBAE1-3065-42E1-9665-27A444A517A8}.Debug|Any CPU.ActiveCfg = Debug|Any CPU
		{B44BBAE1-3065-42E1-9665-27A444A517A8}.Debug|Any CPU.Build.0 = Debug|Any CPU
		{B44BBAE1-3065-42E1-9665-27A444A517A8}.Release|Any CPU.ActiveCfg = Release|Any CPU
		{B44BBAE1-3065-42E1-9665-27A444A517A8}.Release|Any CPU.Build.0 = Release|Any CPU
		{8E437E1F-AAB5-4756-BC91-5892A443BA3B}.Debug|Any CPU.ActiveCfg = Debug|Any CPU
		{8E437E1F-AAB5-4756-BC91-5892A443BA3B}.Debug|Any CPU.Build.0 = Debug|Any CPU
		{8E437E1F-AAB5-4756-BC91-5892A443BA3B}.Release|Any CPU.ActiveCfg = Release|Any CPU
		{8E437E1F-AAB5-4756-BC91-5892A443BA3B}.Release|Any CPU.Build.0 = Release|Any CPU
		{597533EA-B51C-4A9F-A6CB-FE73CBAB2938}.Debug|Any CPU.ActiveCfg = Debug|Any CPU
		{597533EA-B51C-4A9F-A6CB-FE73CBAB2938}.Debug|Any CPU.Build.0 = Debug|Any CPU
		{597533EA-B51C-4A9F-A6CB-FE73CBAB2938}.Release|Any CPU.ActiveCfg = Release|Any CPU
		{597533EA-B51C-4A9F-A6CB-FE73CBAB2938}.Release|Any CPU.Build.0 = Release|Any CPU
	EndGlobalSection
	GlobalSection(SolutionProperties) = preSolution
		HideSolutionNode = FALSE
	EndGlobalSection
	GlobalSection(ExtensibilityGlobals) = postSolution
		SolutionGuid = {264F55BA-D66F-455C-B095-BF6A4317C587}
	EndGlobalSection
EndGlobal
